// !$*UTF8*$!
{
	archiveVersion = 1;
	classes = {
	};
	objectVersion = 50;
	objects = {

/* Begin PBXBuildFile section */
		5B03669F23E6FC0100A1642D /* AppDelegate.swift in Sources */ = {isa = PBXBuildFile; fileRef = 5B03669E23E6FC0100A1642D /* AppDelegate.swift */; };
		5B0366A123E6FC0100A1642D /* SceneDelegate.swift in Sources */ = {isa = PBXBuildFile; fileRef = 5B0366A023E6FC0100A1642D /* SceneDelegate.swift */; };
		5B0366A323E6FC0100A1642D /* ViewController.swift in Sources */ = {isa = PBXBuildFile; fileRef = 5B0366A223E6FC0100A1642D /* ViewController.swift */; };
		5B0366A623E6FC0100A1642D /* Main.storyboard in Resources */ = {isa = PBXBuildFile; fileRef = 5B0366A423E6FC0100A1642D /* Main.storyboard */; };
		5B0366A823E6FC0300A1642D /* Assets.xcassets in Resources */ = {isa = PBXBuildFile; fileRef = 5B0366A723E6FC0300A1642D /* Assets.xcassets */; };
		5B0366AB23E6FC0300A1642D /* LaunchScreen.storyboard in Resources */ = {isa = PBXBuildFile; fileRef = 5B0366A923E6FC0300A1642D /* LaunchScreen.storyboard */; };
		5B0366B323E6FF8900A1642D /* CSTabBarController.swift in Sources */ = {isa = PBXBuildFile; fileRef = 5B0366B223E6FF8900A1642D /* CSTabBarController.swift */; };
/* End PBXBuildFile section */

/* Begin PBXFileReference section */
		5B03669B23E6FC0100A1642D /* Chapter03-CSTabBar.app */ = {isa = PBXFileReference; explicitFileType = wrapper.application; includeInIndex = 0; path = "Chapter03-CSTabBar.app"; sourceTree = BUILT_PRODUCTS_DIR; };
		5B03669E23E6FC0100A1642D /* AppDelegate.swift */ = {isa = PBXFileReference; lastKnownFileType = sourcecode.swift; path = AppDelegate.swift; sourceTree = "<group>"; };
		5B0366A023E6FC0100A1642D /* SceneDelegate.swift */ = {isa = PBXFileReference; lastKnownFileType = sourcecode.swift; path = SceneDelegate.swift; sourceTree = "<group>"; };
		5B0366A223E6FC0100A1642D /* ViewController.swift */ = {isa = PBXFileReference; lastKnownFileType = sourcecode.swift; path = ViewController.swift; sourceTree = "<group>"; };
		5B0366A523E6FC0100A1642D /* Base */ = {isa = PBXFileReference; lastKnownFileType = file.storyboard; name = Base; path = Base.lproj/Main.storyboard; sourceTree = "<group>"; };
		5B0366A723E6FC0300A1642D /* Assets.xcassets */ = {isa = PBXFileReference; lastKnownFileType = folder.assetcatalog; path = Assets.xcassets; sourceTree = "<group>"; };
		5B0366AA23E6FC0300A1642D /* Base */ = {isa = PBXFileReference; lastKnownFileType = file.storyboard; name = Base; path = Base.lproj/LaunchScreen.storyboard; sourceTree = "<group>"; };
		5B0366AC23E6FC0300A1642D /* Info.plist */ = {isa = PBXFileReference; lastKnownFileType = text.plist.xml; path = Info.plist; sourceTree = "<group>"; };
		5B0366B223E6FF8900A1642D /* CSTabBarController.swift */ = {isa = PBXFileReference; lastKnownFileType = sourcecode.swift; path = CSTabBarController.swift; sourceTree = "<group>"; };
/* End PBXFileReference section */

/* Begin PBXFrameworksBuildPhase section */
		5B03669823E6FC0100A1642D /* Frameworks */ = {
			isa = PBXFrameworksBuildPhase;
			buildActionMask = 2147483647;
			files = (
			);
			runOnlyForDeploymentPostprocessing = 0;
		};
/* End PBXFrameworksBuildPhase section */

/* Begin PBXGroup section */
		5B03669223E6FC0100A1642D = {
			isa = PBXGroup;
			children = (
				5B03669D23E6FC0100A1642D /* Chapter03-CSTabBar */,
				5B03669C23E6FC0100A1642D /* Products */,
			);
			sourceTree = "<group>";
		};
		5B03669C23E6FC0100A1642D /* Products */ = {
			isa = PBXGroup;
			children = (
				5B03669B23E6FC0100A1642D /* Chapter03-CSTabBar.app */,
			);
			name = Products;
			sourceTree = "<group>";
		};
		5B03669D23E6FC0100A1642D /* Chapter03-CSTabBar */ = {
			isa = PBXGroup;
			children = (
				5B03669E23E6FC0100A1642D /* AppDelegate.swift */,
				5B0366A023E6FC0100A1642D /* SceneDelegate.swift */,
				5B0366A223E6FC0100A1642D /* ViewController.swift */,
				5B0366A423E6FC0100A1642D /* Main.storyboard */,
				5B0366B223E6FF8900A1642D /* CSTabBarController.swift */,
				5B0366A723E6FC0300A1642D /* Assets.xcassets */,
				5B0366A923E6FC0300A1642D /* LaunchScreen.storyboard */,
				5B0366AC23E6FC0300A1642D /* Info.plist */,
			);
			path = "Chapter03-CSTabBar";
			sourceTree = "<group>";
		};
/* End PBXGroup section */

/* Begin PBXNativeTarget section */
		5B03669A23E6FC0100A1642D /* Chapter03-CSTabBar */ = {
			isa = PBXNativeTarget;
			buildConfigurationList = 5B0366AF23E6FC0300A1642D /* Build configuration list for PBXNativeTarget "Chapter03-CSTabBar" */;
			buildPhases = (
				5B03669723E6FC0100A1642D /* Sources */,
				5B03669823E6FC0100A1642D /* Frameworks */,
				5B03669923E6FC0100A1642D /* Resources */,
			);
			buildRules = (
			);
			dependencies = (
			);
			name = "Chapter03-CSTabBar";
			productName = "Chapter03-CSTabBar";
			productReference = 5B03669B23E6FC0100A1642D /* Chapter03-CSTabBar.app */;
			productType = "com.apple.product-type.application";
		};
/* End PBXNativeTarget section */

/* Begin PBXProject section */
		5B03669323E6FC0100A1642D /* Project object */ = {
			isa = PBXProject;
			attributes = {
				LastSwiftUpdateCheck = 1130;
				LastUpgradeCheck = 1130;
				ORGANIZATIONNAME = JSPRO;
				TargetAttributes = {
					5B03669A23E6FC0100A1642D = {
						CreatedOnToolsVersion = 11.3;
					};
				};
			};
			buildConfigurationList = 5B03669623E6FC0100A1642D /* Build configuration list for PBXProject "Chapter03-CSTabBar" */;
			compatibilityVersion = "Xcode 9.3";
			developmentRegion = en;
			hasScannedForEncodings = 0;
			knownRegions = (
				en,
				Base,
			);
			mainGroup = 5B03669223E6FC0100A1642D;
			productRefGroup = 5B03669C23E6FC0100A1642D /* Products */;
			projectDirPath = "";
			projectRoot = "";
			targets = (
				5B03669A23E6FC0100A1642D /* Chapter03-CSTabBar */,
			);
		};
/* End PBXProject section */

/* Begin PBXResourcesBuildPhase section */
		5B03669923E6FC0100A1642D /* Resources */ = {
			isa = PBXResourcesBuildPhase;
			buildActionMask = 2147483647;
			files = (
				5B0366AB23E6FC0300A1642D /* LaunchScreen.storyboard in Resources */,
				5B0366A823E6FC0300A1642D /* Assets.xcassets in Resources */,
				5B0366A623E6FC0100A1642D /* Main.storyboard in Resources */,
			);
			runOnlyForDeploymentPostprocessing = 0;
		};
/* End PBXResourcesBuildPhase section */

/* Begin PBXSourcesBuildPhase section */
		5B03669723E6FC0100A1642D /* Sources */ = {
			isa = PBXSourcesBuildPhase;
			buildActionMask = 2147483647;
			files = (
				5B0366A323E6FC0100A1642D /* ViewController.swift in Sources */,
				5B0366B323E6FF8900A1642D /* CSTabBarController.swift in Sources */,
				5B03669F23E6FC0100A1642D /* AppDelegate.swift in Sources */,
				5B0366A123E6FC0100A1642D /* SceneDelegate.swift in Sources */,
			);
			runOnlyForDeploymentPostprocessing = 0;
		};
/* End PBXSourcesBuildPhase section */

/* Begin PBXVariantGroup section */
		5B0366A423E6FC0100A1642D /* Main.storyboard */ = {
			isa = PBXVariantGroup;
			children = (
				5B0366A523E6FC0100A1642D /* Base */,
			);
			name = Main.storyboard;
			sourceTree = "<group>";
		};
		5B0366A923E6FC0300A1642D /* LaunchScreen.storyboard */ = {
			isa = PBXVariantGroup;
			children = (
				5B0366AA23E6FC0300A1642D /* Base */,
			);
			name = LaunchScreen.storyboard;
			sourceTree = "<group>";
		};
/* End PBXVariantGroup section */

/* Begin XCBuildConfiguration section */
		5B0366AD23E6FC0300A1642D /* Debug */ = {
			isa = XCBuildConfiguration;
			buildSettings = {
				ALWAYS_SEARCH_USER_PATHS = NO;
				CLANG_ANALYZER_NONNULL = YES;
				CLANG_ANALYZER_NUMBER_OBJECT_CONVERSION = YES_AGGRESSIVE;
				CLANG_CXX_LANGUAGE_STANDARD = "gnu++14";
				CLANG_CXX_LIBRARY = "libc++";
				CLANG_ENABLE_MODULES = YES;
				CLANG_ENABLE_OBJC_ARC = YES;
				CLANG_ENABLE_OBJC_WEAK = YES;
				CLANG_WARN_BLOCK_CAPTURE_AUTORELEASING = YES;
				CLANG_WARN_BOOL_CONVERSION = YES;
				CLANG_WARN_COMMA = YES;
				CLANG_WARN_CONSTANT_CONVERSION = YES;
				CLANG_WARN_DEPRECATED_OBJC_IMPLEMENTATIONS = YES;
				CLANG_WARN_DIRECT_OBJC_ISA_USAGE = YES_ERROR;
				CLANG_WARN_DOCUMENTATION_COMMENTS = YES;
				CLANG_WARN_EMPTY_BODY = YES;
				CLANG_WARN_ENUM_CONVERSION = YES;
				CLANG_WARN_INFINITE_RECURSION = YES;
				CLANG_WARN_INT_CONVERSION = YES;
				CLANG_WARN_NON_LITERAL_NULL_CONVERSION = YES;
				CLANG_WARN_OBJC_IMPLICIT_RETAIN_SELF = YES;
				CLANG_WARN_OBJC_LITERAL_CONVERSION = YES;
				CLANG_WARN_OBJC_ROOT_CLASS = YES_ERROR;
				CLANG_WARN_RANGE_LOOP_ANALYSIS = YES;
				CLANG_WARN_STRICT_PROTOTYPES = YES;
				CLANG_WARN_SUSPICIOUS_MOVE = YES;
				CLANG_WARN_UNGUARDED_AVAILABILITY = YES_AGGRESSIVE;
				CLANG_WARN_UNREACHABLE_CODE = YES;
				CLANG_WARN__DUPLICATE_METHOD_MATCH = YES;
				COPY_PHASE_STRIP = NO;
				DEBUG_INFORMATION_FORMAT = dwarf;
				ENABLE_STRICT_OBJC_MSGSEND = YES;
				ENABLE_TESTABILITY = YES;
				GCC_C_LANGUAGE_STANDARD = gnu11;
				GCC_DYNAMIC_NO_PIC = NO;
				GCC_NO_COMMON_BLOCKS = YES;
				GCC_OPTIMIZATION_LEVEL = 0;
				GCC_PREPROCESSOR_DEFINITIONS = (
					"DEBUG=1",
					"$(inherited)",
				);
				GCC_WARN_64_TO_32_BIT_CONVERSION = YES;
				GCC_WARN_ABOUT_RETURN_TYPE = YES_ERROR;
				GCC_WARN_UNDECLARED_SELECTOR = YES;
				GCC_WARN_UNINITIALIZED_AUTOS = YES_AGGRESSIVE;
				GCC_WARN_UNUSED_FUNCTION = YES;
				GCC_WARN_UNUSED_VARIABLE = YES;
				IPHONEOS_DEPLOYMENT_TARGET = 13.2;
				MTL_ENABLE_DEBUG_INFO = INCLUDE_SOURCE;
				MTL_FAST_MATH = YES;
				ONLY_ACTIVE_ARCH = YES;
				SDKROOT = iphoneos;
				SWIFT_ACTIVE_COMPILATION_CONDITIONS = DEBUG;
				SWIFT_OPTIMIZATION_LEVEL = "-Onone";
			};
			name = Debug;
		};
		5B0366AE23E6FC0300A1642D /* Release */ = {
			isa = XCBuildConfiguration;
			buildSettings = {
				ALWAYS_SEARCH_USER_PATHS = NO;
				CLANG_ANALYZER_NONNULL = YES;
				CLANG_ANALYZER_NUMBER_OBJECT_CONVERSION = YES_AGGRESSIVE;
				CLANG_CXX_LANGUAGE_STANDARD = "gnu++14";
				CLANG_CXX_LIBRARY = "libc++";
				CLANG_ENABLE_MODULES = YES;
				CLANG_ENABLE_OBJC_ARC = YES;
				CLANG_ENABLE_OBJC_WEAK = YES;
				CLANG_WARN_BLOCK_CAPTURE_AUTORELEASING = YES;
				CLANG_WARN_BOOL_CONVERSION = YES;
				CLANG_WARN_COMMA = YES;
				CLANG_WARN_CONSTANT_CONVERSION = YES;
				CLANG_WARN_DEPRECATED_OBJC_IMPLEMENTATIONS = YES;
				CLANG_WARN_DIRECT_OBJC_ISA_USAGE = YES_ERROR;
				CLANG_WARN_DOCUMENTATION_COMMENTS = YES;
				CLANG_WARN_EMPTY_BODY = YES;
				CLANG_WARN_ENUM_CONVERSION = YES;
				CLANG_WARN_INFINITE_RECURSION = YES;
				CLANG_WARN_INT_CONVERSION = YES;
				CLANG_WARN_NON_LITERAL_NULL_CONVERSION = YES;
				CLANG_WARN_OBJC_IMPLICIT_RETAIN_SELF = YES;
				CLANG_WARN_OBJC_LITERAL_CONVERSION = YES;
				CLANG_WARN_OBJC_ROOT_CLASS = YES_ERROR;
				CLANG_WARN_RANGE_LOOP_ANALYSIS = YES;
				CLANG_WARN_STRICT_PROTOTYPES = YES;
				CLANG_WARN_SUSPICIOUS_MOVE = YES;
				CLANG_WARN_UNGUARDED_AVAILABILITY = YES_AGGRESSIVE;
				CLANG_WARN_UNREACHABLE_CODE = YES;
				CLANG_WARN__DUPLICATE_METHOD_MATCH = YES;
				COPY_PHASE_STRIP = NO;
				DEBUG_INFORMATION_FORMAT = "dwarf-with-dsym";
				ENABLE_NS_ASSERTIONS = NO;
				ENABLE_STRICT_OBJC_MSGSEND = YES;
				GCC_C_LANGUAGE_STANDARD = gnu11;
				GCC_NO_COMMON_BLOCKS = YES;
				GCC_WARN_64_TO_32_BIT_CONVERSION = YES;
				GCC_WARN_ABOUT_RETURN_TYPE = YES_ERROR;
				GCC_WARN_UNDECLARED_SELECTOR = YES;
				GCC_WARN_UNINITIALIZED_AUTOS = YES_AGGRESSIVE;
				GCC_WARN_UNUSED_FUNCTION = YES;
				GCC_WARN_UNUSED_VARIABLE = YES;
				IPHONEOS_DEPLOYMENT_TARGET = 13.2;
				MTL_ENABLE_DEBUG_INFO = NO;
				MTL_FAST_MATH = YES;
				SDKROOT = iphoneos;
				SWIFT_COMPILATION_MODE = wholemodule;
				SWIFT_OPTIMIZATION_LEVEL = "-O";
				VALIDATE_PRODUCT = YES;
			};
			name = Release;
		};
		5B0366B023E6FC0300A1642D /* Debug */ = {
			isa = XCBuildConfiguration;
			buildSettings = {
				ASSETCATALOG_COMPILER_APPICON_NAME = AppIcon;
				CODE_SIGN_STYLE = Automatic;
				DEVELOPMENT_TEAM = DAH3QXS8T7;
				INFOPLIST_FILE = "Chapter03-CSTabBar/Info.plist";
				LD_RUNPATH_SEARCH_PATHS = (
					"$(inherited)",
					"@executable_path/Frameworks",
				);
				PRODUCT_BUNDLE_IDENTIFIER = "com.kakao.Chapter03-CSTabBar";
				PRODUCT_NAME = "$(TARGET_NAME)";
				SWIFT_VERSION = 5.0;
				TARGETED_DEVICE_FAMILY = "1,2";
			};
			name = Debug;
		};
		5B0366B123E6FC0300A1642D /* Release */ = {
			isa = XCBuildConfiguration;
			buildSettings = {
				ASSETCATALOG_COMPILER_APPICON_NAME = AppIcon;
				CODE_SIGN_STYLE = Automatic;
				DEVELOPMENT_TEAM = DAH3QXS8T7;
				INFOPLIST_FILE = "Chapter03-CSTabBar/Info.plist";
				LD_RUNPATH_SEARCH_PATHS = (
					"$(inherited)",
					"@executable_path/Frameworks",
				);
				PRODUCT_BUNDLE_IDENTIFIER = "com.kakao.Chapter03-CSTabBar";
				PRODUCT_NAME = "$(TARGET_NAME)";
				SWIFT_VERSION = 5.0;
				TARGETED_DEVICE_FAMILY = "1,2";
			};
			name = Release;
		};
/* End XCBuildConfiguration section */

/* Begin XCConfigurationList section */
		5B03669623E6FC0100A1642D /* Build configuration list for PBXProject "Chapter03-CSTabBar" */ = {
			isa = XCConfigurationList;
			buildConfigurations = (
				5B0366AD23E6FC0300A1642D /* Debug */,
				5B0366AE23E6FC0300A1642D /* Release */,
			);
			defaultConfigurationIsVisible = 0;
			defaultConfigurationName = Release;
		};
		5B0366AF23E6FC0300A1642D /* Build configuration list for PBXNativeTarget "Chapter03-CSTabBar" */ = {
			isa = XCConfigurationList;
			buildConfigurations = (
				5B0366B023E6FC0300A1642D /* Debug */,
				5B0366B123E6FC0300A1642D /* Release */,
			);
			defaultConfigurationIsVisible = 0;
			defaultConfigurationName = Release;
		};
/* End XCConfigurationList section */
	};
	rootObject = 5B03669323E6FC0100A1642D /* Project object */;
}
